
Microsoft Visual Studio Solution File, Format Version 12.00
# Visual Studio Version 17
VisualStudioVersion = 17.0.31903.59
MinimumVisualStudioVersion = 10.0.40219.1
Project("{2150E333-8FDC-42A3-9474-1A3956D46DE8}") = "src", "src", "{1AC6149D-1D72-44ED-8BB2-E228A2A16E0F}"
EndProject
Project("{FAE04EC0-301F-11D3-BF4B-00C04F79EFBC}") = "DntSite.Web", "src\DntSite.Web\DntSite.Web.csproj", "{D53BAE17-BA20-409E-B877-9857C8C3164D}"
EndProject
Project("{2150E333-8FDC-42A3-9474-1A3956D46DE8}") = "tests", "tests", "{82237669-3FEE-482C-B3B8-C3B173C1C57F}"
EndProject
Project("{FAE04EC0-301F-11D3-BF4B-00C04F79EFBC}") = "DntSite.Tests", "tests\DntSite.Tests\DntSite.Tests.csproj", "{A9AAD102-6FF5-4662-9CDB-D3F7D02FDB67}"
EndProject
Project("{FAE04EC0-301F-11D3-BF4B-00C04F79EFBC}") = "DntSite.Web.Common.BlazorSsr", "src\DntSite.Web.Common.BlazorSsr\DntSite.Web.Common.BlazorSsr.csproj", "{8CA9CC9A-A3C7-4336-8265-5F33C805ADD0}"
EndProject
Global
	GlobalSection(SolutionConfigurationPlatforms) = preSolution
		Debug|Any CPU = Debug|Any CPU
		Release|Any CPU = Release|Any CPU
	EndGlobalSection
	GlobalSection(SolutionProperties) = preSolution
		HideSolutionNode = FALSE
	EndGlobalSection
	GlobalSection(ProjectConfigurationPlatforms) = postSolution
		{D53BAE17-BA20-409E-B877-9857C8C3164D}.Debug|Any CPU.ActiveCfg = Debug|Any CPU
		{D53BAE17-BA20-409E-B877-9857C8C3164D}.Debug|Any CPU.Build.0 = Debug|Any CPU
		{D53BAE17-BA20-409E-B877-9857C8C3164D}.Release|Any CPU.ActiveCfg = Release|Any CPU
		{D53BAE17-BA20-409E-B877-9857C8C3164D}.Release|Any CPU.Build.0 = Release|Any CPU
		{A9AAD102-6FF5-4662-9CDB-D3F7D02FDB67}.Debug|Any CPU.ActiveCfg = Debug|Any CPU
		{A9AAD102-6FF5-4662-9CDB-D3F7D02FDB67}.Debug|Any CPU.Build.0 = Debug|Any CPU
		{A9AAD102-6FF5-4662-9CDB-D3F7D02FDB67}.Release|Any CPU.ActiveCfg = Release|Any CPU
		{A9AAD102-6FF5-4662-9CDB-D3F7D02FDB67}.Release|Any CPU.Build.0 = Release|Any CPU
		{8CA9CC9A-A3C7-4336-8265-5F33C805ADD0}.Debug|Any CPU.ActiveCfg = Debug|Any CPU
		{8CA9CC9A-A3C7-4336-8265-5F33C805ADD0}.Debug|Any CPU.Build.0 = Debug|Any CPU
		{8CA9CC9A-A3C7-4336-8265-5F33C805ADD0}.Release|Any CPU.ActiveCfg = Release|Any CPU
		{8CA9CC9A-A3C7-4336-8265-5F33C805ADD0}.Release|Any CPU.Build.0 = Release|Any CPU
	EndGlobalSection
	GlobalSection(NestedProjects) = preSolution
		{D53BAE17-BA20-409E-B877-9857C8C3164D} = {1AC6149D-1D72-44ED-8BB2-E228A2A16E0F}
		{A9AAD102-6FF5-4662-9CDB-D3F7D02FDB67} = {82237669-3FEE-482C-B3B8-C3B173C1C57F}
		{8CA9CC9A-A3C7-4336-8265-5F33C805ADD0} = {1AC6149D-1D72-44ED-8BB2-E228A2A16E0F}
	EndGlobalSection
EndGlobal
